
Microsoft Visual Studio Solution File, Format Version 12.00
# Visual Studio Version 17
VisualStudioVersion = 17.7.34024.191
MinimumVisualStudioVersion = 10.0.40219.1
Project("{FAE04EC0-301F-11D3-BF4B-00C04F79EFBC}") = "IT481_Unit2Assignment", "IT481_Unit2Assignment\IT481_Unit2Assignment.csproj", "{C02DED62-833A-4F66-8A33-154D0F6489F4}"
EndProject
Global
	GlobalSection(SolutionConfigurationPlatforms) = preSolution
		Debug|Any CPU = Debug|Any CPU
		Release|Any CPU = Release|Any CPU
	EndGlobalSection
	GlobalSection(ProjectConfigurationPlatforms) = postSolution
		{C02DED62-833A-4F66-8A33-154D0F6489F4}.Debug|Any CPU.ActiveCfg = Debug|Any CPU
		{C02DED62-833A-4F66-8A33-154D0F6489F4}.Debug|Any CPU.Build.0 = Debug|Any CPU
		{C02DED62-833A-4F66-8A33-154D0F6489F4}.Release|Any CPU.ActiveCfg = Release|Any CPU
		{C02DED62-833A-4F66-8A33-154D0F6489F4}.Release|Any CPU.Build.0 = Release|Any CPU
	EndGlobalSection
	GlobalSection(SolutionProperties) = preSolution
		HideSolutionNode = FALSE
	EndGlobalSection
	GlobalSection(ExtensibilityGlobals) = postSolution
		SolutionGuid = {97757AA9-F604-4AF7-AB1A-482F5B00BCD2}
	EndGlobalSection
EndGlobal
